
Microsoft Visual Studio Solution File, Format Version 12.00
# Visual Studio Version 17
VisualStudioVersion = 17.0.31919.166
MinimumVisualStudioVersion = 10.0.40219.1
Project("{8BC9CEB8-8B4A-11D0-8D11-00A0C91BC942}") = "main", "main\main.vcxproj", "{F197255D-8575-45E4-B36D-35A07DC708C9}"
EndProject
Global
	GlobalSection(SolutionConfigurationPlatforms) = preSolution
		Debug|x64 = Debug|x64
		Debug|x86 = Debug|x86
		Release|x64 = Release|x64
		Release|x86 = Release|x86
	EndGlobalSection
	GlobalSection(ProjectConfigurationPlatforms) = postSolution
		{F197255D-8575-45E4-B36D-35A07DC708C9}.Debug|x64.ActiveCfg = Debug|x64
		{F197255D-8575-45E4-B36D-35A07DC708C9}.Debug|x64.Build.0 = Debug|x64
		{F197255D-8575-45E4-B36D-35A07DC708C9}.Debug|x86.ActiveCfg = Debug|Win32
		{F197255D-8575-45E4-B36D-35A07DC708C9}.Debug|x86.Build.0 = Debug|Win32
		{F197255D-8575-45E4-B36D-35A07DC708C9}.Release|x64.ActiveCfg = Release|x64
		{F197255D-8575-45E4-B36D-35A07DC708C9}.Release|x64.Build.0 = Release|x64
		{F197255D-8575-45E4-B36D-35A07DC708C9}.Release|x86.ActiveCfg = Release|Win32
		{F197255D-8575-45E4-B36D-35A07DC708C9}.Release|x86.Build.0 = Release|Win32
	EndGlobalSection
	GlobalSection(SolutionProperties) = preSolution
		HideSolutionNode = FALSE
	EndGlobalSection
	GlobalSection(ExtensibilityGlobals) = postSolution
		SolutionGuid = {2CA57C3C-E865-4193-AAA8-A0692DBA55FF}
	EndGlobalSection
EndGlobal
