
Microsoft Visual Studio Solution File, Format Version 12.00
# Visual Studio 15
VisualStudioVersion = 15.0.28307.489
MinimumVisualStudioVersion = 10.0.40219.1
Project("{8BC9CEB8-8B4A-11D0-8D11-00A0C91BC942}") = "DrawObj", "DrawObj\DrawObj.vcxproj", "{BBD9C557-D445-419E-AEC1-781D6E898513}"
EndProject
Global
	GlobalSection(SolutionConfigurationPlatforms) = preSolution
		Debug|x64 = Debug|x64
		Debug|x86 = Debug|x86
		Release|x64 = Release|x64
		Release|x86 = Release|x86
	EndGlobalSection
	GlobalSection(ProjectConfigurationPlatforms) = postSolution
		{BBD9C557-D445-419E-AEC1-781D6E898513}.Debug|x64.ActiveCfg = Debug|x64
		{BBD9C557-D445-419E-AEC1-781D6E898513}.Debug|x64.Build.0 = Debug|x64
		{BBD9C557-D445-419E-AEC1-781D6E898513}.Debug|x86.ActiveCfg = Debug|Win32
		{BBD9C557-D445-419E-AEC1-781D6E898513}.Debug|x86.Build.0 = Debug|Win32
		{BBD9C557-D445-419E-AEC1-781D6E898513}.Release|x64.ActiveCfg = Release|x64
		{BBD9C557-D445-419E-AEC1-781D6E898513}.Release|x64.Build.0 = Release|x64
		{BBD9C557-D445-419E-AEC1-781D6E898513}.Release|x86.ActiveCfg = Release|Win32
		{BBD9C557-D445-419E-AEC1-781D6E898513}.Release|x86.Build.0 = Release|Win32
	EndGlobalSection
	GlobalSection(SolutionProperties) = preSolution
		HideSolutionNode = FALSE
	EndGlobalSection
	GlobalSection(ExtensibilityGlobals) = postSolution
		SolutionGuid = {E75CF567-B3C9-4B47-9F4D-1470B1C273D6}
	EndGlobalSection
EndGlobal
